
Microsoft Visual Studio Solution File, Format Version 12.00
# Visual Studio Version 17
VisualStudioVersion = 17.5.33627.172
MinimumVisualStudioVersion = 10.0.40219.1
Project("{FAE04EC0-301F-11D3-BF4B-00C04F79EFBC}") = "Uke5", "Uke5\Uke5.csproj", "{99CC9765-2485-44C4-9C23-33D3D19C3FB3}"
EndProject
Global
	GlobalSection(SolutionConfigurationPlatforms) = preSolution
		Debug|Any CPU = Debug|Any CPU
		Release|Any CPU = Release|Any CPU
	EndGlobalSection
	GlobalSection(ProjectConfigurationPlatforms) = postSolution
		{99CC9765-2485-44C4-9C23-33D3D19C3FB3}.Debug|Any CPU.ActiveCfg = Debug|Any CPU
		{99CC9765-2485-44C4-9C23-33D3D19C3FB3}.Debug|Any CPU.Build.0 = Debug|Any CPU
		{99CC9765-2485-44C4-9C23-33D3D19C3FB3}.Release|Any CPU.ActiveCfg = Release|Any CPU
		{99CC9765-2485-44C4-9C23-33D3D19C3FB3}.Release|Any CPU.Build.0 = Release|Any CPU
	EndGlobalSection
	GlobalSection(SolutionProperties) = preSolution
		HideSolutionNode = FALSE
	EndGlobalSection
	GlobalSection(ExtensibilityGlobals) = postSolution
		SolutionGuid = {A3AB02C7-068A-431A-AE2C-3FFD47656F99}
	EndGlobalSection
EndGlobal
